PODS:
  - Flutter (1.0.0)
  - FMDB (2.7.5):
    - FMDB/standard (= 2.7.5)
  - FMDB/standard (2.7.5)
  - integration_test (0.0.1):
    - Flutter
  - path_provider_foundation (0.0.1):
    - Flutter
    - FlutterMacOS
  - PryntTrimmerView (4.0.2)
  - sabian_native_common (0.0.1):
    - Flutter
    - SPPermissions
    - YPImagePicker
  - SPPermissions (7.1.5):
    - SPPermissions/Core (= 7.1.5)
  - SPPermissions/Camera (7.1.5):
    - SPPermissions/Core
  - SPPermissions/Core (7.1.5)
  - SPPermissions/Notification (7.1.5):
    - SPPermissions/Core
  - SPPermissions/PhotoLibrary (7.1.5):
    - SPPermissions/Core
  - sqflite (0.0.3):
    - Flutter
    - FMDB (>= 2.7.5)
  - SteviaLayout (4.7.3)
  - YPImagePicker (4.5.0):
    - PryntTrimmerView (~> 4.0.2)
    - SteviaLayout (~> 4.7.3)

DEPENDENCIES:
  - Flutter (from `Flutter`)
  - integration_test (from `.symlinks/plugins/integration_test/ios`)
  - path_provider_foundation (from `.symlinks/plugins/path_provider_foundation/darwin`)
  - sabian_native_common (from `.symlinks/plugins/sabian_native_common/ios`)
  - SPPermissions/Camera
  - SPPermissions/Notification
  - SPPermissions/PhotoLibrary
  - sqflite (from `.symlinks/plugins/sqflite/ios`)

SPEC REPOS:
  trunk:
    - FMDB
    - PryntTrimmerView
    - SPPermissions
    - SteviaLayout
    - YPImagePicker

EXTERNAL SOURCES:
  Flutter:
    :path: Flutter
  integration_test:
    :path: ".symlinks/plugins/integration_test/ios"
  path_provider_foundation:
    :path: ".symlinks/plugins/path_provider_foundation/darwin"
  sabian_native_common:
    :path: ".symlinks/plugins/sabian_native_common/ios"
  sqflite:
    :path: ".symlinks/plugins/sqflite/ios"

SPEC CHECKSUMS:
  Flutter: f04841e97a9d0b0a8025694d0796dd46242b2854
  FMDB: 2ce00b547f966261cd18927a3ddb07cb6f3db82a
  integration_test: 13825b8a9334a850581300559b8839134b124670
  path_provider_foundation: 29f094ae23ebbca9d3d0cec13889cd9060c0e943
  PryntTrimmerView: 6a43cc90df5d99addeabd33d4ba09b1365322130
  sabian_native_common: ccf79f219a822cfea0de165f368e1dca2ac27dca
  SPPermissions: c63ac1132badad39917de03a3c9dc2429ace94be
  sqflite: 31f7eba61e3074736dff8807a9b41581e4f7f15a
  SteviaLayout: c2ecdcff57d44e38fd2f65e54ad52aeae28ca0c4
  YPImagePicker: 6f410f475bd22fa8cd430495b54d4b2f15865c2d

PODFILE CHECKSUM: 0cbb744e1c3b076769b1c7f0fca67a2d24f4a076

COCOAPODS: 1.14.3
